
Microsoft Visual Studio Solution File, Format Version 12.00
# Visual Studio Version 17
VisualStudioVersion = 17.10.34928.147
MinimumVisualStudioVersion = 10.0.40219.1
Project("{FAE04EC0-301F-11D3-BF4B-00C04F79EFBC}") = "server homework", "server homework\server homework.csproj", "{D5B9E384-02DD-48E6-90D6-A5D4200467F9}"
EndProject
Global
	GlobalSection(SolutionConfigurationPlatforms) = preSolution
		Debug|Any CPU = Debug|Any CPU
		Release|Any CPU = Release|Any CPU
	EndGlobalSection
	GlobalSection(ProjectConfigurationPlatforms) = postSolution
		{D5B9E384-02DD-48E6-90D6-A5D4200467F9}.Debug|Any CPU.ActiveCfg = Debug|Any CPU
		{D5B9E384-02DD-48E6-90D6-A5D4200467F9}.Debug|Any CPU.Build.0 = Debug|Any CPU
		{D5B9E384-02DD-48E6-90D6-A5D4200467F9}.Release|Any CPU.ActiveCfg = Release|Any CPU
		{D5B9E384-02DD-48E6-90D6-A5D4200467F9}.Release|Any CPU.Build.0 = Release|Any CPU
	EndGlobalSection
	GlobalSection(SolutionProperties) = preSolution
		HideSolutionNode = FALSE
	EndGlobalSection
	GlobalSection(ExtensibilityGlobals) = postSolution
		SolutionGuid = {E3FBF303-741E-4E3E-9727-A5D0E8AE1ECB}
	EndGlobalSection
EndGlobal
